{
  "name": "topokanji",
  "version": "1.0.0",
  "lockfileVersion": 2,
  "requires": true,
  "packages": {
    "": {
      "name": "topokanji",
      "version": "1.0.0",
      "license": "(Apache-2.0+ OR CC-BY-4.0+ OR EPL-1.0+ OR LGPL-3.0+ OR MIT)",
      "dependencies": {
        "lodash": "3.9.1",
        "text-table": "0.2.0"
      }
    },
    "node_modules/lodash": {
      "version": "3.9.1",
      "resolved": "https://registry.npmjs.org/lodash/-/lodash-3.9.1.tgz",
      "integrity": "sha512-UQIAfzv9CTa+meu2L6aYg14hocAeeRLoNn4YfEWr842Qrp9wgWkpiW8V+/xwDHsMgSCWU/DNYI2FeYzhBwlCMg=="
    },
    "node_modules/text-table": {
      "version": "0.2.0",
      "resolved": "https://registry.npmjs.org/text-table/-/text-table-0.2.0.tgz",
      "integrity": "sha512-N+8UisAXDGk8PFXP4HAzVR9nbfmVJ3zYLAWiTIoqC5v5isinhr+r5uaO8+7r3BMfuNIufIsA7RdpVgacC2cSpw=="
    }
  },
  "dependencies": {
    "lodash": {
      "version": "3.9.1",
      "resolved": "https://registry.npmjs.org/lodash/-/lodash-3.9.1.tgz",
      "integrity": "sha512-UQIAfzv9CTa+meu2L6aYg14hocAeeRLoNn4YfEWr842Qrp9wgWkpiW8V+/xwDHsMgSCWU/DNYI2FeYzhBwlCMg=="
    },
    "text-table": {
      "version": "0.2.0",
      "resolved": "https://registry.npmjs.org/text-table/-/text-table-0.2.0.tgz",
      "integrity": "sha512-N+8UisAXDGk8PFXP4HAzVR9nbfmVJ3zYLAWiTIoqC5v5isinhr+r5uaO8+7r3BMfuNIufIsA7RdpVgacC2cSpw=="
    }
  }
}
